<?xml version="1.0" encoding="utf-8"?>
<Project ToolsVersion="4.0" xmlns="http://schemas.microsoft.com/developer/msbuild/2003">
  <ItemGroup>
    <Filter Include="Source Files">
      <UniqueIdentifier>{206065fd-4dcb-42a3-b783-aae190595180}</UniqueIdentifier>
      <Extensions>cpp;c;cxx;def;odl;idl;hpj;bat;asm</Extensions>
    </Filter>
    <Filter Include="Header Files">
      <UniqueIdentifier>{4fdcfac3-64c9-44d1-b89a-b871e1895777}</UniqueIdentifier>
      <Extensions>h;hpp;hxx;hm;inl;inc</Extensions>
    </Filter>
    <Filter Include="Resource Files">
      <UniqueIdentifier>{08c4ce4d-5366-4a60-bc8f-420f943fe06a}</UniqueIdentifier>
      <Extensions>rc;ico;cur;bmp;dlg;rc2;rct;bin;rgs;gif;jpg;jpeg;jpe</Extensions>
    </Filter>
    <Filter Include="Shader Files">
      <UniqueIdentifier>{6f822fe0-0366-43a2-842d-78ee05ccca1d}</UniqueIdentifier>
    </Filter>
    <Filter Include="Shader Files\Header Files">
      <UniqueIdentifier>{8702e088-1f48-4c6d-8888-2389df2967b4}</UniqueIdentifier>
    </Filter>
  </ItemGroup>
  <ItemGroup>
    <ClCompile Include="Actor.cpp">
      <Filter>Source Files</Filter>
    </ClCompile>
    <ClCompile Include="ASE.cpp">
      <Filter>Source Files</Filter>
    </ClCompile>
    <ClCompile Include="Camera.cpp">
      <Filter>Source Files</Filter>
    </ClCompile>
    <ClCompile Include="LightsDlg.cpp">
      <Filter>Source Files</Filter>
    </ClCompile>
    <ClCompile Include="Material.cpp">
      <Filter>Source Files</Filter>
    </ClCompile>
    <ClCompile Include="RefFrame.cpp">
      <Filter>Source Files</Filter>
    </ClCompile>
    <ClCompile Include="Shader.cpp">
      <Filter>Source Files</Filter>
    </ClCompile>
    <ClCompile Include="Texture.cpp">
      <Filter>Source Files</Filter>
    </ClCompile>
    <ClCompile Include="Timer.cpp">
      <Filter>Source Files</Filter>
    </ClCompile>
    <ClCompile Include="Math.cpp">
      <Filter>Source Files</Filter>
    </ClCompile>
    <ClCompile Include="StdAfx.cpp">
      <Filter>Source Files</Filter>
    </ClCompile>
    <ClCompile Include="D3D11Demo.cpp">
      <Filter>Source Files</Filter>
    </ClCompile>
    <ClCompile Include="D3D11Resource.cpp">
      <Filter>Source Files</Filter>
    </ClCompile>
    <ClCompile Include="DrawableModel.cpp">
      <Filter>Source Files</Filter>
    </ClCompile>
  </ItemGroup>
  <ItemGroup>
    <ClInclude Include="Actor.h">
      <Filter>Header Files</Filter>
    </ClInclude>
    <ClInclude Include="ASE.h">
      <Filter>Header Files</Filter>
    </ClInclude>
    <ClInclude Include="Camera.h">
      <Filter>Header Files</Filter>
    </ClInclude>
    <ClInclude Include="Color.h">
      <Filter>Header Files</Filter>
    </ClInclude>
    <ClInclude Include="Light.h">
      <Filter>Header Files</Filter>
    </ClInclude>
    <ClInclude Include="LightsDlg.h">
      <Filter>Header Files</Filter>
    </ClInclude>
    <ClInclude Include="Material.h">
      <Filter>Header Files</Filter>
    </ClInclude>
    <ClInclude Include="RefFrame.h">
      <Filter>Header Files</Filter>
    </ClInclude>
    <ClInclude Include="resource.h">
      <Filter>Header Files</Filter>
    </ClInclude>
    <ClInclude Include="Shader.h">
      <Filter>Header Files</Filter>
    </ClInclude>
    <ClInclude Include="Texture.h">
      <Filter>Header Files</Filter>
    </ClInclude>
    <ClInclude Include="Timer.h">
      <Filter>Header Files</Filter>
    </ClInclude>
    <ClInclude Include="Math.h">
      <Filter>Header Files</Filter>
    </ClInclude>
    <ClInclude Include="StdAfx.h">
      <Filter>Header Files</Filter>
    </ClInclude>
    <ClInclude Include="D3D11Demo.h">
      <Filter>Header Files</Filter>
    </ClInclude>
    <ClInclude Include="D3D11Resource.h">
      <Filter>Header Files</Filter>
    </ClInclude>
    <ClInclude Include="shaders\P3C4_PS_Debug.h">
      <Filter>Shader Files\Header Files</Filter>
    </ClInclude>
    <ClInclude Include="shaders\P3C4_VS_Debug.h">
      <Filter>Shader Files\Header Files</Filter>
    </ClInclude>
    <ClInclude Include="shaders\P3N3_PS_Debug.h">
      <Filter>Shader Files\Header Files</Filter>
    </ClInclude>
    <ClInclude Include="shaders\P3N3_VS_Debug.h">
      <Filter>Shader Files\Header Files</Filter>
    </ClInclude>
    <ClInclude Include="shaders\P3N3B3T2_VS_Debug.h">
      <Filter>Shader Files\Header Files</Filter>
    </ClInclude>
    <ClInclude Include="shaders\P3N3T2_VS_Debug.h">
      <Filter>Shader Files\Header Files</Filter>
    </ClInclude>
    <ClInclude Include="shaders\P3N3B3T2_PS_Debug.h">
      <Filter>Shader Files\Header Files</Filter>
    </ClInclude>
    <ClInclude Include="shaders\P3N3T2_PS_Debug.h">
      <Filter>Shader Files\Header Files</Filter>
    </ClInclude>
    <ClInclude Include="DrawableModel.h">
      <Filter>Header Files</Filter>
    </ClInclude>
  </ItemGroup>
  <ItemGroup>
    <ResourceCompile Include="Resource.rc">
      <Filter>Resource Files</Filter>
    </ResourceCompile>
  </ItemGroup>
  <ItemGroup>
    <None Include="packages.config" />
  </ItemGroup>
  <ItemGroup>
    <FxCompile Include="shaders\P3C4_PS.hlsl">
      <Filter>Shader Files</Filter>
    </FxCompile>
    <FxCompile Include="shaders\P3C4_VS.hlsl">
      <Filter>Shader Files</Filter>
    </FxCompile>
    <FxCompile Include="shaders\P3N3_PS.hlsl">
      <Filter>Shader Files</Filter>
    </FxCompile>
    <FxCompile Include="shaders\P3N3_VS.hlsl">
      <Filter>Shader Files</Filter>
    </FxCompile>
    <FxCompile Include="shaders\P3N3B3T2_PS.hlsl">
      <Filter>Shader Files</Filter>
    </FxCompile>
    <FxCompile Include="shaders\P3N3B3T2_VS.hlsl">
      <Filter>Shader Files</Filter>
    </FxCompile>
    <FxCompile Include="shaders\P3N3T2_PS.hlsl">
      <Filter>Shader Files</Filter>
    </FxCompile>
    <FxCompile Include="shaders\P3N3T2_VS.hlsl">
      <Filter>Shader Files</Filter>
    </FxCompile>
  </ItemGroup>
  <ItemGroup>
    <Image Include="D3D11Demo.ico">
      <Filter>Resource Files</Filter>
    </Image>
  </ItemGroup>
</Project>